
Microsoft Visual Studio Solution File, Format Version 12.00
# Visual Studio Version 16
VisualStudioVersion = 16.0.30114.105
MinimumVisualStudioVersion = 10.0.40219.1
Project("{FAE04EC0-301F-11D3-BF4B-00C04F79EFBC}") = "TestContainersPartTwo.Api", "TestContainersPartTwo.Api\TestContainersPartTwo.Api.csproj", "{B967A246-D796-483C-A2E2-B92E43A002C2}"
EndProject
Project("{FAE04EC0-301F-11D3-BF4B-00C04F79EFBC}") = "TestContainersPartTwo.Tests", "TestContainersPartTwo.Tests\TestContainersPartTwo.Tests.csproj", "{E536134A-626A-4442-BE46-46F43641C6CE}"
EndProject
Global
	GlobalSection(SolutionConfigurationPlatforms) = preSolution
		Debug|Any CPU = Debug|Any CPU
		Release|Any CPU = Release|Any CPU
	EndGlobalSection
	GlobalSection(SolutionProperties) = preSolution
		HideSolutionNode = FALSE
	EndGlobalSection
	GlobalSection(ProjectConfigurationPlatforms) = postSolution
		{B967A246-D796-483C-A2E2-B92E43A002C2}.Debug|Any CPU.ActiveCfg = Debug|Any CPU
		{B967A246-D796-483C-A2E2-B92E43A002C2}.Debug|Any CPU.Build.0 = Debug|Any CPU
		{B967A246-D796-483C-A2E2-B92E43A002C2}.Release|Any CPU.ActiveCfg = Release|Any CPU
		{B967A246-D796-483C-A2E2-B92E43A002C2}.Release|Any CPU.Build.0 = Release|Any CPU
		{E536134A-626A-4442-BE46-46F43641C6CE}.Debug|Any CPU.ActiveCfg = Debug|Any CPU
		{E536134A-626A-4442-BE46-46F43641C6CE}.Debug|Any CPU.Build.0 = Debug|Any CPU
		{E536134A-626A-4442-BE46-46F43641C6CE}.Release|Any CPU.ActiveCfg = Release|Any CPU
		{E536134A-626A-4442-BE46-46F43641C6CE}.Release|Any CPU.Build.0 = Release|Any CPU
	EndGlobalSection
EndGlobal
